
Microsoft Visual Studio Solution File, Format Version 12.00
# Visual Studio Version 17
VisualStudioVersion = 17.0.31903.59
MinimumVisualStudioVersion = 10.0.40219.1
Project("{2150E333-8FDC-42A3-9474-1A3956D46DE8}") = "src", "src", "{827E0CD3-B72D-47B6-A68D-7590B98EB39B}"
EndProject
Project("{FAE04EC0-301F-11D3-BF4B-00C04F79EFBC}") = "Centaur.Core", "src\Centaur.Core\Centaur.Core.csproj", "{1FE304AC-D024-42F4-8E9A-EAA2608AC896}"
EndProject
Project("{FAE04EC0-301F-11D3-BF4B-00C04F79EFBC}") = "Centaur.Pty.Windows", "src\Centaur.Pty.Windows\Centaur.Pty.Windows.csproj", "{770FDFF8-2515-4F13-9E71-B9A4ACF6BE41}"
EndProject
Project("{FAE04EC0-301F-11D3-BF4B-00C04F79EFBC}") = "Centaur.Rendering", "src\Centaur.Rendering\Centaur.Rendering.csproj", "{0EFDA3C1-9382-42D4-894A-65A082948EBB}"
EndProject
Project("{FAE04EC0-301F-11D3-BF4B-00C04F79EFBC}") = "Centaur.App", "src\Centaur.App\Centaur.App.csproj", "{F2A0D4FF-7220-44D8-AB0E-7B9D57A35529}"
EndProject
Project("{2150E333-8FDC-42A3-9474-1A3956D46DE8}") = "tests", "tests", "{0AB3BF05-4346-4AA6-1389-037BE0695223}"
EndProject
Project("{FAE04EC0-301F-11D3-BF4B-00C04F79EFBC}") = "Centaur.Tests", "tests\Centaur.Tests\Centaur.Tests.csproj", "{6D6F8DEA-9A30-4496-B294-238B02C2920E}"
EndProject
Global
	GlobalSection(SolutionConfigurationPlatforms) = preSolution
		Debug|Any CPU = Debug|Any CPU
		Debug|x64 = Debug|x64
		Debug|x86 = Debug|x86
		Release|Any CPU = Release|Any CPU
		Release|x64 = Release|x64
		Release|x86 = Release|x86
	EndGlobalSection
	GlobalSection(ProjectConfigurationPlatforms) = postSolution
		{1FE304AC-D024-42F4-8E9A-EAA2608AC896}.Debug|Any CPU.ActiveCfg = Debug|Any CPU
		{1FE304AC-D024-42F4-8E9A-EAA2608AC896}.Debug|Any CPU.Build.0 = Debug|Any CPU
		{1FE304AC-D024-42F4-8E9A-EAA2608AC896}.Debug|x64.ActiveCfg = Debug|Any CPU
		{1FE304AC-D024-42F4-8E9A-EAA2608AC896}.Debug|x64.Build.0 = Debug|Any CPU
		{1FE304AC-D024-42F4-8E9A-EAA2608AC896}.Debug|x86.ActiveCfg = Debug|Any CPU
		{1FE304AC-D024-42F4-8E9A-EAA2608AC896}.Debug|x86.Build.0 = Debug|Any CPU
		{1FE304AC-D024-42F4-8E9A-EAA2608AC896}.Release|Any CPU.ActiveCfg = Release|Any CPU
		{1FE304AC-D024-42F4-8E9A-EAA2608AC896}.Release|Any CPU.Build.0 = Release|Any CPU
		{1FE304AC-D024-42F4-8E9A-EAA2608AC896}.Release|x64.ActiveCfg = Release|Any CPU
		{1FE304AC-D024-42F4-8E9A-EAA2608AC896}.Release|x64.Build.0 = Release|Any CPU
		{1FE304AC-D024-42F4-8E9A-EAA2608AC896}.Release|x86.ActiveCfg = Release|Any CPU
		{1FE304AC-D024-42F4-8E9A-EAA2608AC896}.Release|x86.Build.0 = Release|Any CPU
		{770FDFF8-2515-4F13-9E71-B9A4ACF6BE41}.Debug|Any CPU.ActiveCfg = Debug|Any CPU
		{770FDFF8-2515-4F13-9E71-B9A4ACF6BE41}.Debug|Any CPU.Build.0 = Debug|Any CPU
		{770FDFF8-2515-4F13-9E71-B9A4ACF6BE41}.Debug|x64.ActiveCfg = Debug|Any CPU
		{770FDFF8-2515-4F13-9E71-B9A4ACF6BE41}.Debug|x64.Build.0 = Debug|Any CPU
		{770FDFF8-2515-4F13-9E71-B9A4ACF6BE41}.Debug|x86.ActiveCfg = Debug|Any CPU
		{770FDFF8-2515-4F13-9E71-B9A4ACF6BE41}.Debug|x86.Build.0 = Debug|Any CPU
		{770FDFF8-2515-4F13-9E71-B9A4ACF6BE41}.Release|Any CPU.ActiveCfg = Release|Any CPU
		{770FDFF8-2515-4F13-9E71-B9A4ACF6BE41}.Release|Any CPU.Build.0 = Release|Any CPU
		{770FDFF8-2515-4F13-9E71-B9A4ACF6BE41}.Release|x64.ActiveCfg = Release|Any CPU
		{770FDFF8-2515-4F13-9E71-B9A4ACF6BE41}.Release|x64.Build.0 = Release|Any CPU
		{770FDFF8-2515-4F13-9E71-B9A4ACF6BE41}.Release|x86.ActiveCfg = Release|Any CPU
		{770FDFF8-2515-4F13-9E71-B9A4ACF6BE41}.Release|x86.Build.0 = Release|Any CPU
		{0EFDA3C1-9382-42D4-894A-65A082948EBB}.Debug|Any CPU.ActiveCfg = Debug|Any CPU
		{0EFDA3C1-9382-42D4-894A-65A082948EBB}.Debug|Any CPU.Build.0 = Debug|Any CPU
		{0EFDA3C1-9382-42D4-894A-65A082948EBB}.Debug|x64.ActiveCfg = Debug|Any CPU
		{0EFDA3C1-9382-42D4-894A-65A082948EBB}.Debug|x64.Build.0 = Debug|Any CPU
		{0EFDA3C1-9382-42D4-894A-65A082948EBB}.Debug|x86.ActiveCfg = Debug|Any CPU
		{0EFDA3C1-9382-42D4-894A-65A082948EBB}.Debug|x86.Build.0 = Debug|Any CPU
		{0EFDA3C1-9382-42D4-894A-65A082948EBB}.Release|Any CPU.ActiveCfg = Release|Any CPU
		{0EFDA3C1-9382-42D4-894A-65A082948EBB}.Release|Any CPU.Build.0 = Release|Any CPU
		{0EFDA3C1-9382-42D4-894A-65A082948EBB}.Release|x64.ActiveCfg = Release|Any CPU
		{0EFDA3C1-9382-42D4-894A-65A082948EBB}.Release|x64.Build.0 = Release|Any CPU
		{0EFDA3C1-9382-42D4-894A-65A082948EBB}.Release|x86.ActiveCfg = Release|Any CPU
		{0EFDA3C1-9382-42D4-894A-65A082948EBB}.Release|x86.Build.0 = Release|Any CPU
		{F2A0D4FF-7220-44D8-AB0E-7B9D57A35529}.Debug|Any CPU.ActiveCfg = Debug|Any CPU
		{F2A0D4FF-7220-44D8-AB0E-7B9D57A35529}.Debug|Any CPU.Build.0 = Debug|Any CPU
		{F2A0D4FF-7220-44D8-AB0E-7B9D57A35529}.Debug|x64.ActiveCfg = Debug|Any CPU
		{F2A0D4FF-7220-44D8-AB0E-7B9D57A35529}.Debug|x64.Build.0 = Debug|Any CPU
		{F2A0D4FF-7220-44D8-AB0E-7B9D57A35529}.Debug|x86.ActiveCfg = Debug|Any CPU
		{F2A0D4FF-7220-44D8-AB0E-7B9D57A35529}.Debug|x86.Build.0 = Debug|Any CPU
		{F2A0D4FF-7220-44D8-AB0E-7B9D57A35529}.Release|Any CPU.ActiveCfg = Release|Any CPU
		{F2A0D4FF-7220-44D8-AB0E-7B9D57A35529}.Release|Any CPU.Build.0 = Release|Any CPU
		{F2A0D4FF-7220-44D8-AB0E-7B9D57A35529}.Release|x64.ActiveCfg = Release|Any CPU
		{F2A0D4FF-7220-44D8-AB0E-7B9D57A35529}.Release|x64.Build.0 = Release|Any CPU
		{F2A0D4FF-7220-44D8-AB0E-7B9D57A35529}.Release|x86.ActiveCfg = Release|Any CPU
		{F2A0D4FF-7220-44D8-AB0E-7B9D57A35529}.Release|x86.Build.0 = Release|Any CPU
		{6D6F8DEA-9A30-4496-B294-238B02C2920E}.Debug|Any CPU.ActiveCfg = Debug|Any CPU
		{6D6F8DEA-9A30-4496-B294-238B02C2920E}.Debug|Any CPU.Build.0 = Debug|Any CPU
		{6D6F8DEA-9A30-4496-B294-238B02C2920E}.Debug|x64.ActiveCfg = Debug|Any CPU
		{6D6F8DEA-9A30-4496-B294-238B02C2920E}.Debug|x64.Build.0 = Debug|Any CPU
		{6D6F8DEA-9A30-4496-B294-238B02C2920E}.Debug|x86.ActiveCfg = Debug|Any CPU
		{6D6F8DEA-9A30-4496-B294-238B02C2920E}.Debug|x86.Build.0 = Debug|Any CPU
		{6D6F8DEA-9A30-4496-B294-238B02C2920E}.Release|Any CPU.ActiveCfg = Release|Any CPU
		{6D6F8DEA-9A30-4496-B294-238B02C2920E}.Release|Any CPU.Build.0 = Release|Any CPU
		{6D6F8DEA-9A30-4496-B294-238B02C2920E}.Release|x64.ActiveCfg = Release|Any CPU
		{6D6F8DEA-9A30-4496-B294-238B02C2920E}.Release|x64.Build.0 = Release|Any CPU
		{6D6F8DEA-9A30-4496-B294-238B02C2920E}.Release|x86.ActiveCfg = Release|Any CPU
		{6D6F8DEA-9A30-4496-B294-238B02C2920E}.Release|x86.Build.0 = Release|Any CPU
	EndGlobalSection
	GlobalSection(SolutionProperties) = preSolution
		HideSolutionNode = FALSE
	EndGlobalSection
	GlobalSection(NestedProjects) = preSolution
		{1FE304AC-D024-42F4-8E9A-EAA2608AC896} = {827E0CD3-B72D-47B6-A68D-7590B98EB39B}
		{770FDFF8-2515-4F13-9E71-B9A4ACF6BE41} = {827E0CD3-B72D-47B6-A68D-7590B98EB39B}
		{0EFDA3C1-9382-42D4-894A-65A082948EBB} = {827E0CD3-B72D-47B6-A68D-7590B98EB39B}
		{F2A0D4FF-7220-44D8-AB0E-7B9D57A35529} = {827E0CD3-B72D-47B6-A68D-7590B98EB39B}
		{6D6F8DEA-9A30-4496-B294-238B02C2920E} = {0AB3BF05-4346-4AA6-1389-037BE0695223}
	EndGlobalSection
EndGlobal
